
Microsoft Visual Studio Solution File, Format Version 12.00
# Visual Studio Version 17
VisualStudioVersion = 17.7.34024.191
MinimumVisualStudioVersion = 10.0.40219.1
Project("{FAE04EC0-301F-11D3-BF4B-00C04F79EFBC}") = "BlazorDemo", "BlazorDemo\BlazorDemo.csproj", "{1A882572-E66A-45F1-A987-E6CEA527FB29}"
EndProject
Global
	GlobalSection(SolutionConfigurationPlatforms) = preSolution
		Debug|Any CPU = Debug|Any CPU
		Release|Any CPU = Release|Any CPU
	EndGlobalSection
	GlobalSection(ProjectConfigurationPlatforms) = postSolution
		{1A882572-E66A-45F1-A987-E6CEA527FB29}.Debug|Any CPU.ActiveCfg = Debug|Any CPU
		{1A882572-E66A-45F1-A987-E6CEA527FB29}.Debug|Any CPU.Build.0 = Debug|Any CPU
		{1A882572-E66A-45F1-A987-E6CEA527FB29}.Release|Any CPU.ActiveCfg = Release|Any CPU
		{1A882572-E66A-45F1-A987-E6CEA527FB29}.Release|Any CPU.Build.0 = Release|Any CPU
	EndGlobalSection
	GlobalSection(SolutionProperties) = preSolution
		HideSolutionNode = FALSE
	EndGlobalSection
	GlobalSection(ExtensibilityGlobals) = postSolution
		SolutionGuid = {5A1FD3DF-4D75-47FD-B6B9-42E7267333A4}
	EndGlobalSection
EndGlobal
